
Microsoft Visual Studio Solution File, Format Version 12.00
# Visual Studio Version 17
VisualStudioVersion = 17.12.35323.107
MinimumVisualStudioVersion = 10.0.40219.1
Project("{FAE04EC0-301F-11D3-BF4B-00C04F79EFBC}") = "BlazorMySQLMinimalAPI", "BlazorMySQLMinimalAPI.csproj", "{553BCB6E-09E7-4301-A162-6438B900CB92}"
EndProject
Global
	GlobalSection(SolutionConfigurationPlatforms) = preSolution
		Debug|Any CPU = Debug|Any CPU
		Release|Any CPU = Release|Any CPU
	EndGlobalSection
	GlobalSection(ProjectConfigurationPlatforms) = postSolution
		{553BCB6E-09E7-4301-A162-6438B900CB92}.Debug|Any CPU.ActiveCfg = Debug|Any CPU
		{553BCB6E-09E7-4301-A162-6438B900CB92}.Debug|Any CPU.Build.0 = Debug|Any CPU
		{553BCB6E-09E7-4301-A162-6438B900CB92}.Release|Any CPU.ActiveCfg = Release|Any CPU
		{553BCB6E-09E7-4301-A162-6438B900CB92}.Release|Any CPU.Build.0 = Release|Any CPU
	EndGlobalSection
	GlobalSection(SolutionProperties) = preSolution
		HideSolutionNode = FALSE
	EndGlobalSection
	GlobalSection(ExtensibilityGlobals) = postSolution
		SolutionGuid = {3040DABF-6A89-4222-94BF-B66D4D4EAC73}
	EndGlobalSection
EndGlobal
